
Microsoft Visual Studio Solution File, Format Version 12.00
# Visual Studio 15
VisualStudioVersion = 15.0.27703.2000
MinimumVisualStudioVersion = 10.0.40219.1
Project("{9A19103F-16F7-4668-BE54-9A1E7A4F7556}") = "forgeSample", "web\forgeSample.csproj", "{2D9167A4-856B-4E48-A6CC-AFC8C87A43C4}"
EndProject
Project("{FAE04EC0-301F-11D3-BF4B-00C04F79EFBC}") = "ValidationPlugin", "autocad\ValidationPlugin.csproj", "{A39F09D8-FE7D-4154-850D-019486F453DA}"
EndProject
Global
	GlobalSection(SolutionConfigurationPlatforms) = preSolution
		Debug|Any CPU = Debug|Any CPU
		Release|Any CPU = Release|Any CPU
	EndGlobalSection
	GlobalSection(ProjectConfigurationPlatforms) = postSolution
		{2D9167A4-856B-4E48-A6CC-AFC8C87A43C4}.Debug|Any CPU.ActiveCfg = Debug|Any CPU
		{2D9167A4-856B-4E48-A6CC-AFC8C87A43C4}.Debug|Any CPU.Build.0 = Debug|Any CPU
		{2D9167A4-856B-4E48-A6CC-AFC8C87A43C4}.Release|Any CPU.ActiveCfg = Release|Any CPU
		{2D9167A4-856B-4E48-A6CC-AFC8C87A43C4}.Release|Any CPU.Build.0 = Release|Any CPU
		{A39F09D8-FE7D-4154-850D-019486F453DA}.Debug|Any CPU.ActiveCfg = Debug|Any CPU
		{A39F09D8-FE7D-4154-850D-019486F453DA}.Debug|Any CPU.Build.0 = Debug|Any CPU
		{A39F09D8-FE7D-4154-850D-019486F453DA}.Release|Any CPU.ActiveCfg = Release|Any CPU
		{A39F09D8-FE7D-4154-850D-019486F453DA}.Release|Any CPU.Build.0 = Release|Any CPU
	EndGlobalSection
	GlobalSection(SolutionProperties) = preSolution
		HideSolutionNode = FALSE
	EndGlobalSection
	GlobalSection(ExtensibilityGlobals) = postSolution
		SolutionGuid = {785E0013-3F9C-4733-9FC6-D001505A1B97}
	EndGlobalSection
EndGlobal
