
Microsoft Visual Studio Solution File, Format Version 12.00
# Visual Studio 15
VisualStudioVersion = 15.0.27703.2000
MinimumVisualStudioVersion = 10.0.40219.1
Project("{FAE04EC0-301F-11D3-BF4B-00C04F79EFBC}") = "ValidationPlugin", "ValidationPlugin.csproj", "{A39F09D8-FE7D-4154-850D-019486F453DA}"
EndProject
Global
	GlobalSection(SolutionConfigurationPlatforms) = preSolution
		Debug|Any CPU = Debug|Any CPU
		Release|Any CPU = Release|Any CPU
	EndGlobalSection
	GlobalSection(ProjectConfigurationPlatforms) = postSolution
		{A39F09D8-FE7D-4154-850D-019486F453DA}.Debug|Any CPU.ActiveCfg = Debug|Any CPU
		{A39F09D8-FE7D-4154-850D-019486F453DA}.Debug|Any CPU.Build.0 = Debug|Any CPU
		{A39F09D8-FE7D-4154-850D-019486F453DA}.Release|Any CPU.ActiveCfg = Release|Any CPU
		{A39F09D8-FE7D-4154-850D-019486F453DA}.Release|Any CPU.Build.0 = Release|Any CPU
	EndGlobalSection
	GlobalSection(SolutionProperties) = preSolution
		HideSolutionNode = FALSE
	EndGlobalSection
	GlobalSection(ExtensibilityGlobals) = postSolution
		SolutionGuid = {DA80E975-BD89-46B2-AC51-C299D3619D41}
	EndGlobalSection
EndGlobal
